
Microsoft Visual Studio Solution File, Format Version 12.00
# Visual Studio Version 16
VisualStudioVersion = 16.0.31229.75
MinimumVisualStudioVersion = 10.0.40219.1
Project("{9A19103F-16F7-4668-BE54-9A1E7A4F7556}") = "Instakilogram", "Instakilogram.csproj", "{C57DB197-70FA-42D5-9FDB-9FE9FCB62A20}"
EndProject
Global
	GlobalSection(SolutionConfigurationPlatforms) = preSolution
		Debug|Any CPU = Debug|Any CPU
		Release|Any CPU = Release|Any CPU
	EndGlobalSection
	GlobalSection(ProjectConfigurationPlatforms) = postSolution
		{C57DB197-70FA-42D5-9FDB-9FE9FCB62A20}.Debug|Any CPU.ActiveCfg = Debug|Any CPU
		{C57DB197-70FA-42D5-9FDB-9FE9FCB62A20}.Debug|Any CPU.Build.0 = Debug|Any CPU
		{C57DB197-70FA-42D5-9FDB-9FE9FCB62A20}.Release|Any CPU.ActiveCfg = Release|Any CPU
		{C57DB197-70FA-42D5-9FDB-9FE9FCB62A20}.Release|Any CPU.Build.0 = Release|Any CPU
	EndGlobalSection
	GlobalSection(SolutionProperties) = preSolution
		HideSolutionNode = FALSE
	EndGlobalSection
	GlobalSection(ExtensibilityGlobals) = postSolution
		SolutionGuid = {E6E17FE4-BF55-48EE-AC8A-165B9E1E744B}
	EndGlobalSection
EndGlobal
